
Microsoft Visual Studio Solution File, Format Version 12.00
Project("{FAE04EC0-301F-11D3-BF4B-00C04F79EFBC}") = "docker-compose", "docker-compose.dcproj", "{4AF79501-F785-4B98-8EE5-54BE186D67A2}"
EndProject
Project("{2150E333-8FDC-42A3-9474-1A3956D46DE8}") = "Adapters", "Adapters", "{8B1A6D89-3A1C-408B-97CE-CE887971E2C5}"
EndProject
Project("{2150E333-8FDC-42A3-9474-1A3956D46DE8}") = "Core", "Core", "{8F7F032B-CA70-4088-811F-EECD760B440A}"
EndProject
Project("{2150E333-8FDC-42A3-9474-1A3956D46DE8}") = "Crosscutting", "Crosscutting", "{48763435-3359-4444-9CCC-9836E286F524}"
EndProject
Project("{2150E333-8FDC-42A3-9474-1A3956D46DE8}") = "Driven", "Driven", "{79F71A03-6834-4A3F-B405-0CF9DEF48B3A}"
EndProject
Project("{2150E333-8FDC-42A3-9474-1A3956D46DE8}") = "Drivers", "Drivers", "{E1081155-1EFC-49B7-92DE-77A9EFE935B9}"
EndProject
Project("{2150E333-8FDC-42A3-9474-1A3956D46DE8}") = "Application", "Application", "{416C56A0-6A78-41C3-9028-DE74BE576F9B}"
EndProject
Project("{2150E333-8FDC-42A3-9474-1A3956D46DE8}") = "Domain", "Domain", "{2828EF83-1887-4285-B321-B8B832591061}"
EndProject
Project("{2150E333-8FDC-42A3-9474-1A3956D46DE8}") = "Infrastructure", "Infrastructure", "{97A7AEEE-87B9-4E2C-9892-4B56838DD5A9}"
EndProject
Project("{2150E333-8FDC-42A3-9474-1A3956D46DE8}") = "WebApi", "WebApi", "{EACA94B7-4DC6-4F53-99E3-FDD59555F428}"
EndProject
Project("{FAE04EC0-301F-11D3-BF4B-00C04F79EFBC}") = "KeycloakAuthIntegration.ORM", "src\KeycloakAuthIntegration.ORM\KeycloakAuthIntegration.ORM.csproj", "{FD03DCBF-0F21-4F25-A87A-A03BE726EEEB}"
EndProject
Project("{FAE04EC0-301F-11D3-BF4B-00C04F79EFBC}") = "KeycloakAuthIntegration.Application", "src\KeycloakAuthIntegration.Application\KeycloakAuthIntegration.Application.csproj", "{D2E25D49-74EE-4A0E-8660-043F15930877}"
EndProject
Project("{FAE04EC0-301F-11D3-BF4B-00C04F79EFBC}") = "KeycloakAuthIntegration.Domain", "src\KeycloakAuthIntegration.Domain\KeycloakAuthIntegration.Domain.csproj", "{BE1A2AA6-5C55-4D04-A8B0-73593CA6D9EE}"
EndProject
Project("{FAE04EC0-301F-11D3-BF4B-00C04F79EFBC}") = "KeycloakAuthIntegration.IoC", "src\KeycloakAuthIntegration.IoC\KeycloakAuthIntegration.IoC.csproj", "{F6EC7E74-0F94-4286-8916-E68C212A050E}"
EndProject
Project("{FAE04EC0-301F-11D3-BF4B-00C04F79EFBC}") = "KeycloakAuthIntegration.WebApi", "src\KeycloakAuthIntegration.WebApi\KeycloakAuthIntegration.WebApi.csproj", "{A4EC1A9A-35CC-4A40-98D2-6178E7B8AC5E}"
EndProject
Project("{FAE04EC0-301F-11D3-BF4B-00C04F79EFBC}") = "KeycloakIntegration.Common", "src\KeycloakIntegration.Common\KeycloakIntegration.Common.csproj", "{ACD1A58C-695D-4FE5-9056-2D2B170796F0}"
EndProject
Project("{FAE04EC0-301F-11D3-BF4B-00C04F79EFBC}") = "KeycloakAuthIntegration.Keycloak", "src\KeycloakAuthIntegration.Keycloak\KeycloakAuthIntegration.Keycloak.csproj", "{8E45D5AB-74D4-40D3-AE9A-EED1427C953A}"
EndProject
Project("{2150E333-8FDC-42A3-9474-1A3956D46DE8}") = "Messaging", "Messaging", "{AD1DFE53-5C8A-4793-B8F9-08DEBB6D5A49}"
EndProject
Project("{2150E333-8FDC-42A3-9474-1A3956D46DE8}") = "Consumers", "Consumers", "{091736A2-A717-497C-9AD3-9BC5DF020DB2}"
EndProject
Project("{FAE04EC0-301F-11D3-BF4B-00C04F79EFBC}") = "KeycloakAuthIntegration.Messaging", "src\KeycloakAuthIntegration.Messaging\KeycloakAuthIntegration.Messaging.csproj", "{A0B6901B-3694-4E7E-9170-2BE3DBD46C5D}"
EndProject
Project("{FAE04EC0-301F-11D3-BF4B-00C04F79EFBC}") = "KeycloakAuthIntegration.Consumers", "Messaging\KeycloakAuthIntegration.Consumers\KeycloakAuthIntegration.Consumers.csproj", "{7D10A9CC-C6CE-464E-A6EF-0C0688D03BC3}"
EndProject
Project("{2150E333-8FDC-42A3-9474-1A3956D46DE8}") = "Crosscutting", "Crosscutting", "{C1EC133A-4E18-4BB9-96E3-855160501D47}"
EndProject
Project("{FAE04EC0-301F-11D3-BF4B-00C04F79EFBC}") = "KeycloakAuthIntegration.Messaging.Crosscutting", "Messaging\KeycloakAuthIntegration.Messaging.Crosscutting\KeycloakAuthIntegration.Messaging.Crosscutting.csproj", "{C95CC5A1-8FAA-46EE-8C97-757FA27FD5B1}"
EndProject
Project("{2150E333-8FDC-42A3-9474-1A3956D46DE8}") = "Adapters", "Adapters", "{DE9E5DB2-4E4A-48A8-B099-487602F4A535}"
EndProject
Project("{2150E333-8FDC-42A3-9474-1A3956D46DE8}") = "Driven", "Driven", "{2A2FAB76-6C1B-4AF3-9B3B-9BA3D317AABE}"
EndProject
Project("{2150E333-8FDC-42A3-9474-1A3956D46DE8}") = "Infrastructure", "Infrastructure", "{8D870445-9153-4D99-B583-E229D93CF7D8}"
EndProject
Project("{FAE04EC0-301F-11D3-BF4B-00C04F79EFBC}") = "KeycloakAuthIntegration.Messaging.ORM", "Messaging\KeycloakAuthIntegration.Messaging.ORM\KeycloakAuthIntegration.Messaging.ORM.csproj", "{C4F147BF-602C-41F1-8476-B10A6DEC6C35}"
EndProject
Project("{2150E333-8FDC-42A3-9474-1A3956D46DE8}") = "Core", "Core", "{84EE3362-C223-434F-A8AB-0DFC23B43030}"
EndProject
Project("{2150E333-8FDC-42A3-9474-1A3956D46DE8}") = "Domain", "Domain", "{A13C7C17-FD6A-495F-BFCA-D5D06AD69D5F}"
EndProject
Project("{FAE04EC0-301F-11D3-BF4B-00C04F79EFBC}") = "KeycloakAuthIntegration.Messaging.Domain", "Messaging\KeycloakAuthIntegration.Messaging.Domain\KeycloakAuthIntegration.Messaging.Domain.csproj", "{2A3E2131-3A36-4B19-B3FD-8869B9EE3A71}"
EndProject
Project("{2150E333-8FDC-42A3-9474-1A3956D46DE8}") = "Application", "Application", "{A31AAC89-A816-4A58-A280-4453C4C7E613}"
EndProject
Project("{FAE04EC0-301F-11D3-BF4B-00C04F79EFBC}") = "KeycloakAuthIntegration.Messaging.Application", "Messaging\KeycloakAuthIntegration.Messaging.Application\KeycloakAuthIntegration.Messaging.Application.csproj", "{8A3774DE-AA47-4825-A6A5-E35695D5D607}"
EndProject
Project("{FAE04EC0-301F-11D3-BF4B-00C04F79EFBC}") = "KeycloakAuthIntegration.Common.Messaging", "src\KeycloakAuthIntegration.Common.Messaging\KeycloakAuthIntegration.Common.Messaging.csproj", "{E5C3C53F-3A65-44B3-9BD7-7BEE4053BADD}"
EndProject
Project("{FAE04EC0-301F-11D3-BF4B-00C04F79EFBC}") = "KeycloakAuthIntegration.Caching", "src\KeycloakAuthIntegration.Caching\KeycloakAuthIntegration.Caching.csproj", "{826E1AC3-BA4B-4A71-96D7-23E1B2E4CDD8}"
EndProject
Global
	GlobalSection(SolutionConfigurationPlatforms) = preSolution
		Debug|Any CPU = Debug|Any CPU
		Release|Any CPU = Release|Any CPU
	EndGlobalSection
	GlobalSection(ProjectConfigurationPlatforms) = postSolution
		{4AF79501-F785-4B98-8EE5-54BE186D67A2}.Debug|Any CPU.ActiveCfg = Debug|Any CPU
		{4AF79501-F785-4B98-8EE5-54BE186D67A2}.Debug|Any CPU.Build.0 = Debug|Any CPU
		{4AF79501-F785-4B98-8EE5-54BE186D67A2}.Release|Any CPU.ActiveCfg = Debug|Any CPU
		{4AF79501-F785-4B98-8EE5-54BE186D67A2}.Release|Any CPU.Build.0 = Debug|Any CPU
		{FD03DCBF-0F21-4F25-A87A-A03BE726EEEB}.Debug|Any CPU.ActiveCfg = Debug|Any CPU
		{FD03DCBF-0F21-4F25-A87A-A03BE726EEEB}.Debug|Any CPU.Build.0 = Debug|Any CPU
		{FD03DCBF-0F21-4F25-A87A-A03BE726EEEB}.Release|Any CPU.ActiveCfg = Release|Any CPU
		{FD03DCBF-0F21-4F25-A87A-A03BE726EEEB}.Release|Any CPU.Build.0 = Release|Any CPU
		{D2E25D49-74EE-4A0E-8660-043F15930877}.Debug|Any CPU.ActiveCfg = Debug|Any CPU
		{D2E25D49-74EE-4A0E-8660-043F15930877}.Debug|Any CPU.Build.0 = Debug|Any CPU
		{D2E25D49-74EE-4A0E-8660-043F15930877}.Release|Any CPU.ActiveCfg = Release|Any CPU
		{D2E25D49-74EE-4A0E-8660-043F15930877}.Release|Any CPU.Build.0 = Release|Any CPU
		{BE1A2AA6-5C55-4D04-A8B0-73593CA6D9EE}.Debug|Any CPU.ActiveCfg = Debug|Any CPU
		{BE1A2AA6-5C55-4D04-A8B0-73593CA6D9EE}.Debug|Any CPU.Build.0 = Debug|Any CPU
		{BE1A2AA6-5C55-4D04-A8B0-73593CA6D9EE}.Release|Any CPU.ActiveCfg = Release|Any CPU
		{BE1A2AA6-5C55-4D04-A8B0-73593CA6D9EE}.Release|Any CPU.Build.0 = Release|Any CPU
		{F6EC7E74-0F94-4286-8916-E68C212A050E}.Debug|Any CPU.ActiveCfg = Debug|Any CPU
		{F6EC7E74-0F94-4286-8916-E68C212A050E}.Debug|Any CPU.Build.0 = Debug|Any CPU
		{F6EC7E74-0F94-4286-8916-E68C212A050E}.Release|Any CPU.ActiveCfg = Release|Any CPU
		{F6EC7E74-0F94-4286-8916-E68C212A050E}.Release|Any CPU.Build.0 = Release|Any CPU
		{A4EC1A9A-35CC-4A40-98D2-6178E7B8AC5E}.Debug|Any CPU.ActiveCfg = Debug|Any CPU
		{A4EC1A9A-35CC-4A40-98D2-6178E7B8AC5E}.Debug|Any CPU.Build.0 = Debug|Any CPU
		{A4EC1A9A-35CC-4A40-98D2-6178E7B8AC5E}.Release|Any CPU.ActiveCfg = Release|Any CPU
		{A4EC1A9A-35CC-4A40-98D2-6178E7B8AC5E}.Release|Any CPU.Build.0 = Release|Any CPU
		{ACD1A58C-695D-4FE5-9056-2D2B170796F0}.Debug|Any CPU.ActiveCfg = Debug|Any CPU
		{ACD1A58C-695D-4FE5-9056-2D2B170796F0}.Debug|Any CPU.Build.0 = Debug|Any CPU
		{ACD1A58C-695D-4FE5-9056-2D2B170796F0}.Release|Any CPU.ActiveCfg = Release|Any CPU
		{ACD1A58C-695D-4FE5-9056-2D2B170796F0}.Release|Any CPU.Build.0 = Release|Any CPU
		{8E45D5AB-74D4-40D3-AE9A-EED1427C953A}.Debug|Any CPU.ActiveCfg = Debug|Any CPU
		{8E45D5AB-74D4-40D3-AE9A-EED1427C953A}.Debug|Any CPU.Build.0 = Debug|Any CPU
		{8E45D5AB-74D4-40D3-AE9A-EED1427C953A}.Release|Any CPU.ActiveCfg = Release|Any CPU
		{8E45D5AB-74D4-40D3-AE9A-EED1427C953A}.Release|Any CPU.Build.0 = Release|Any CPU
		{A0B6901B-3694-4E7E-9170-2BE3DBD46C5D}.Debug|Any CPU.ActiveCfg = Debug|Any CPU
		{A0B6901B-3694-4E7E-9170-2BE3DBD46C5D}.Debug|Any CPU.Build.0 = Debug|Any CPU
		{A0B6901B-3694-4E7E-9170-2BE3DBD46C5D}.Release|Any CPU.ActiveCfg = Release|Any CPU
		{A0B6901B-3694-4E7E-9170-2BE3DBD46C5D}.Release|Any CPU.Build.0 = Release|Any CPU
		{7D10A9CC-C6CE-464E-A6EF-0C0688D03BC3}.Debug|Any CPU.ActiveCfg = Debug|Any CPU
		{7D10A9CC-C6CE-464E-A6EF-0C0688D03BC3}.Debug|Any CPU.Build.0 = Debug|Any CPU
		{7D10A9CC-C6CE-464E-A6EF-0C0688D03BC3}.Release|Any CPU.ActiveCfg = Release|Any CPU
		{7D10A9CC-C6CE-464E-A6EF-0C0688D03BC3}.Release|Any CPU.Build.0 = Release|Any CPU
		{C95CC5A1-8FAA-46EE-8C97-757FA27FD5B1}.Debug|Any CPU.ActiveCfg = Debug|Any CPU
		{C95CC5A1-8FAA-46EE-8C97-757FA27FD5B1}.Debug|Any CPU.Build.0 = Debug|Any CPU
		{C95CC5A1-8FAA-46EE-8C97-757FA27FD5B1}.Release|Any CPU.ActiveCfg = Release|Any CPU
		{C95CC5A1-8FAA-46EE-8C97-757FA27FD5B1}.Release|Any CPU.Build.0 = Release|Any CPU
		{C4F147BF-602C-41F1-8476-B10A6DEC6C35}.Debug|Any CPU.ActiveCfg = Debug|Any CPU
		{C4F147BF-602C-41F1-8476-B10A6DEC6C35}.Debug|Any CPU.Build.0 = Debug|Any CPU
		{C4F147BF-602C-41F1-8476-B10A6DEC6C35}.Release|Any CPU.ActiveCfg = Release|Any CPU
		{C4F147BF-602C-41F1-8476-B10A6DEC6C35}.Release|Any CPU.Build.0 = Release|Any CPU
		{2A3E2131-3A36-4B19-B3FD-8869B9EE3A71}.Debug|Any CPU.ActiveCfg = Debug|Any CPU
		{2A3E2131-3A36-4B19-B3FD-8869B9EE3A71}.Debug|Any CPU.Build.0 = Debug|Any CPU
		{2A3E2131-3A36-4B19-B3FD-8869B9EE3A71}.Release|Any CPU.ActiveCfg = Release|Any CPU
		{2A3E2131-3A36-4B19-B3FD-8869B9EE3A71}.Release|Any CPU.Build.0 = Release|Any CPU
		{8A3774DE-AA47-4825-A6A5-E35695D5D607}.Debug|Any CPU.ActiveCfg = Debug|Any CPU
		{8A3774DE-AA47-4825-A6A5-E35695D5D607}.Debug|Any CPU.Build.0 = Debug|Any CPU
		{8A3774DE-AA47-4825-A6A5-E35695D5D607}.Release|Any CPU.ActiveCfg = Release|Any CPU
		{8A3774DE-AA47-4825-A6A5-E35695D5D607}.Release|Any CPU.Build.0 = Release|Any CPU
		{E5C3C53F-3A65-44B3-9BD7-7BEE4053BADD}.Debug|Any CPU.ActiveCfg = Debug|Any CPU
		{E5C3C53F-3A65-44B3-9BD7-7BEE4053BADD}.Debug|Any CPU.Build.0 = Debug|Any CPU
		{E5C3C53F-3A65-44B3-9BD7-7BEE4053BADD}.Release|Any CPU.ActiveCfg = Release|Any CPU
		{E5C3C53F-3A65-44B3-9BD7-7BEE4053BADD}.Release|Any CPU.Build.0 = Release|Any CPU
		{826E1AC3-BA4B-4A71-96D7-23E1B2E4CDD8}.Debug|Any CPU.ActiveCfg = Debug|Any CPU
		{826E1AC3-BA4B-4A71-96D7-23E1B2E4CDD8}.Debug|Any CPU.Build.0 = Debug|Any CPU
		{826E1AC3-BA4B-4A71-96D7-23E1B2E4CDD8}.Release|Any CPU.ActiveCfg = Release|Any CPU
		{826E1AC3-BA4B-4A71-96D7-23E1B2E4CDD8}.Release|Any CPU.Build.0 = Release|Any CPU
	EndGlobalSection
	GlobalSection(NestedProjects) = preSolution
		{79F71A03-6834-4A3F-B405-0CF9DEF48B3A} = {8B1A6D89-3A1C-408B-97CE-CE887971E2C5}
		{E1081155-1EFC-49B7-92DE-77A9EFE935B9} = {8B1A6D89-3A1C-408B-97CE-CE887971E2C5}
		{416C56A0-6A78-41C3-9028-DE74BE576F9B} = {8F7F032B-CA70-4088-811F-EECD760B440A}
		{2828EF83-1887-4285-B321-B8B832591061} = {8F7F032B-CA70-4088-811F-EECD760B440A}
		{97A7AEEE-87B9-4E2C-9892-4B56838DD5A9} = {79F71A03-6834-4A3F-B405-0CF9DEF48B3A}
		{EACA94B7-4DC6-4F53-99E3-FDD59555F428} = {E1081155-1EFC-49B7-92DE-77A9EFE935B9}
		{FD03DCBF-0F21-4F25-A87A-A03BE726EEEB} = {97A7AEEE-87B9-4E2C-9892-4B56838DD5A9}
		{D2E25D49-74EE-4A0E-8660-043F15930877} = {416C56A0-6A78-41C3-9028-DE74BE576F9B}
		{BE1A2AA6-5C55-4D04-A8B0-73593CA6D9EE} = {2828EF83-1887-4285-B321-B8B832591061}
		{F6EC7E74-0F94-4286-8916-E68C212A050E} = {48763435-3359-4444-9CCC-9836E286F524}
		{A4EC1A9A-35CC-4A40-98D2-6178E7B8AC5E} = {EACA94B7-4DC6-4F53-99E3-FDD59555F428}
		{ACD1A58C-695D-4FE5-9056-2D2B170796F0} = {48763435-3359-4444-9CCC-9836E286F524}
		{8E45D5AB-74D4-40D3-AE9A-EED1427C953A} = {48763435-3359-4444-9CCC-9836E286F524}
		{091736A2-A717-497C-9AD3-9BC5DF020DB2} = {AD1DFE53-5C8A-4793-B8F9-08DEBB6D5A49}
		{A0B6901B-3694-4E7E-9170-2BE3DBD46C5D} = {48763435-3359-4444-9CCC-9836E286F524}
		{7D10A9CC-C6CE-464E-A6EF-0C0688D03BC3} = {091736A2-A717-497C-9AD3-9BC5DF020DB2}
		{C1EC133A-4E18-4BB9-96E3-855160501D47} = {AD1DFE53-5C8A-4793-B8F9-08DEBB6D5A49}
		{C95CC5A1-8FAA-46EE-8C97-757FA27FD5B1} = {C1EC133A-4E18-4BB9-96E3-855160501D47}
		{DE9E5DB2-4E4A-48A8-B099-487602F4A535} = {AD1DFE53-5C8A-4793-B8F9-08DEBB6D5A49}
		{2A2FAB76-6C1B-4AF3-9B3B-9BA3D317AABE} = {DE9E5DB2-4E4A-48A8-B099-487602F4A535}
		{8D870445-9153-4D99-B583-E229D93CF7D8} = {2A2FAB76-6C1B-4AF3-9B3B-9BA3D317AABE}
		{C4F147BF-602C-41F1-8476-B10A6DEC6C35} = {8D870445-9153-4D99-B583-E229D93CF7D8}
		{84EE3362-C223-434F-A8AB-0DFC23B43030} = {AD1DFE53-5C8A-4793-B8F9-08DEBB6D5A49}
		{A13C7C17-FD6A-495F-BFCA-D5D06AD69D5F} = {84EE3362-C223-434F-A8AB-0DFC23B43030}
		{2A3E2131-3A36-4B19-B3FD-8869B9EE3A71} = {A13C7C17-FD6A-495F-BFCA-D5D06AD69D5F}
		{A31AAC89-A816-4A58-A280-4453C4C7E613} = {84EE3362-C223-434F-A8AB-0DFC23B43030}
		{8A3774DE-AA47-4825-A6A5-E35695D5D607} = {A31AAC89-A816-4A58-A280-4453C4C7E613}
		{E5C3C53F-3A65-44B3-9BD7-7BEE4053BADD} = {48763435-3359-4444-9CCC-9836E286F524}
		{826E1AC3-BA4B-4A71-96D7-23E1B2E4CDD8} = {97A7AEEE-87B9-4E2C-9892-4B56838DD5A9}
	EndGlobalSection
EndGlobal
